
Microsoft Visual Studio Solution File, Format Version 12.00
# Visual Studio Version 17
VisualStudioVersion = 17.9.34607.119
MinimumVisualStudioVersion = 10.0.40219.1
Project("{FAE04EC0-301F-11D3-BF4B-00C04F79EFBC}") = "CodeAnalysis", "CodeAnalysis\CodeAnalysis.csproj", "{BBB7A6CA-3371-47BD-99BA-A1FBF539788C}"
EndProject
Global
	GlobalSection(SolutionConfigurationPlatforms) = preSolution
		Debug|Any CPU = Debug|Any CPU
		Release|Any CPU = Release|Any CPU
	EndGlobalSection
	GlobalSection(ProjectConfigurationPlatforms) = postSolution
		{BBB7A6CA-3371-47BD-99BA-A1FBF539788C}.Debug|Any CPU.ActiveCfg = Debug|Any CPU
		{BBB7A6CA-3371-47BD-99BA-A1FBF539788C}.Debug|Any CPU.Build.0 = Debug|Any CPU
		{BBB7A6CA-3371-47BD-99BA-A1FBF539788C}.Release|Any CPU.ActiveCfg = Release|Any CPU
		{BBB7A6CA-3371-47BD-99BA-A1FBF539788C}.Release|Any CPU.Build.0 = Release|Any CPU
	EndGlobalSection
	GlobalSection(SolutionProperties) = preSolution
		HideSolutionNode = FALSE
	EndGlobalSection
	GlobalSection(ExtensibilityGlobals) = postSolution
		SolutionGuid = {7170DC5C-1DC1-40A9-AA9A-D2F3BCE5C334}
	EndGlobalSection
EndGlobal
